
Microsoft Visual Studio Solution File, Format Version 12.00
# Visual Studio 15
VisualStudioVersion = 15.0.26730.16
MinimumVisualStudioVersion = 10.0.40219.1
Project("{D954291E-2A0B-460D-934E-DC6B0785DB48}") = "Diagnosticos", "Diagnosticos\Diagnosticos\Diagnosticos.shproj", "{EB6E965E-5BF4-4C77-A2EE-2B0F1CB65101}"
EndProject
Project("{FAE04EC0-301F-11D3-BF4B-00C04F79EFBC}") = "Diagnosticos.Android", "Diagnosticos\Diagnosticos.Android\Diagnosticos.Android.csproj", "{01D1301B-E6C4-408F-A448-B9ACDF273EE1}"
EndProject
Project("{FAE04EC0-301F-11D3-BF4B-00C04F79EFBC}") = "Diagnosticos.iOS", "Diagnosticos\Diagnosticos.iOS\Diagnosticos.iOS.csproj", "{7DBE91DA-C9E6-49DD-850E-7F5AB1630C86}"
EndProject
Project("{FAE04EC0-301F-11D3-BF4B-00C04F79EFBC}") = "Diagnosticos.UWP", "Diagnosticos\Diagnosticos.UWP\Diagnosticos.UWP.csproj", "{BB9FDC96-6B8F-4FE8-9715-9134FB70D8AD}"
EndProject
Global
	GlobalSection(SharedMSBuildProjectFiles) = preSolution
		Diagnosticos\Diagnosticos\Diagnosticos.projitems*{01d1301b-e6c4-408f-a448-b9acdf273ee1}*SharedItemsImports = 4
		Diagnosticos\Diagnosticos\Diagnosticos.projitems*{7dbe91da-c9e6-49dd-850e-7f5ab1630c86}*SharedItemsImports = 4
		Diagnosticos\Diagnosticos\Diagnosticos.projitems*{bb9fdc96-6b8f-4fe8-9715-9134fb70d8ad}*SharedItemsImports = 4
		Diagnosticos\Diagnosticos\Diagnosticos.projitems*{eb6e965e-5bf4-4c77-a2ee-2b0f1cb65101}*SharedItemsImports = 13
	EndGlobalSection
	GlobalSection(SolutionConfigurationPlatforms) = preSolution
		Ad-Hoc|Any CPU = Ad-Hoc|Any CPU
		Ad-Hoc|ARM = Ad-Hoc|ARM
		Ad-Hoc|iPhone = Ad-Hoc|iPhone
		Ad-Hoc|iPhoneSimulator = Ad-Hoc|iPhoneSimulator
		Ad-Hoc|x64 = Ad-Hoc|x64
		Ad-Hoc|x86 = Ad-Hoc|x86
		AppStore|Any CPU = AppStore|Any CPU
		AppStore|ARM = AppStore|ARM
		AppStore|iPhone = AppStore|iPhone
		AppStore|iPhoneSimulator = AppStore|iPhoneSimulator
		AppStore|x64 = AppStore|x64
		AppStore|x86 = AppStore|x86
		Debug|Any CPU = Debug|Any CPU
		Debug|ARM = Debug|ARM
		Debug|iPhone = Debug|iPhone
		Debug|iPhoneSimulator = Debug|iPhoneSimulator
		Debug|x64 = Debug|x64
		Debug|x86 = Debug|x86
		Release|Any CPU = Release|Any CPU
		Release|ARM = Release|ARM
		Release|iPhone = Release|iPhone
		Release|iPhoneSimulator = Release|iPhoneSimulator
		Release|x64 = Release|x64
		Release|x86 = Release|x86
	EndGlobalSection
	GlobalSection(ProjectConfigurationPlatforms) = postSolution
		{01D1301B-E6C4-408F-A448-B9ACDF273EE1}.Ad-Hoc|Any CPU.ActiveCfg = Release|Any CPU
		{01D1301B-E6C4-408F-A448-B9ACDF273EE1}.Ad-Hoc|Any CPU.Build.0 = Release|Any CPU
		{01D1301B-E6C4-408F-A448-B9ACDF273EE1}.Ad-Hoc|Any CPU.Deploy.0 = Release|Any CPU
		{01D1301B-E6C4-408F-A448-B9ACDF273EE1}.Ad-Hoc|ARM.ActiveCfg = Release|Any CPU
		{01D1301B-E6C4-408F-A448-B9ACDF273EE1}.Ad-Hoc|ARM.Build.0 = Release|Any CPU
		{01D1301B-E6C4-408F-A448-B9ACDF273EE1}.Ad-Hoc|ARM.Deploy.0 = Release|Any CPU
		{01D1301B-E6C4-408F-A448-B9ACDF273EE1}.Ad-Hoc|iPhone.ActiveCfg = Release|Any CPU
		{01D1301B-E6C4-408F-A448-B9ACDF273EE1}.Ad-Hoc|iPhone.Build.0 = Release|Any CPU
		{01D1301B-E6C4-408F-A448-B9ACDF273EE1}.Ad-Hoc|iPhone.Deploy.0 = Release|Any CPU
		{01D1301B-E6C4-408F-A448-B9ACDF273EE1}.Ad-Hoc|iPhoneSimulator.ActiveCfg = Release|Any CPU
		{01D1301B-E6C4-408F-A448-B9ACDF273EE1}.Ad-Hoc|iPhoneSimulator.Build.0 = Release|Any CPU
		{01D1301B-E6C4-408F-A448-B9ACDF273EE1}.Ad-Hoc|iPhoneSimulator.Deploy.0 = Release|Any CPU
		{01D1301B-E6C4-408F-A448-B9ACDF273EE1}.Ad-Hoc|x64.ActiveCfg = Release|Any CPU
		{01D1301B-E6C4-408F-A448-B9ACDF273EE1}.Ad-Hoc|x64.Build.0 = Release|Any CPU
		{01D1301B-E6C4-408F-A448-B9ACDF273EE1}.Ad-Hoc|x64.Deploy.0 = Release|Any CPU
		{01D1301B-E6C4-408F-A448-B9ACDF273EE1}.Ad-Hoc|x86.ActiveCfg = Release|Any CPU
		{01D1301B-E6C4-408F-A448-B9ACDF273EE1}.Ad-Hoc|x86.Build.0 = Release|Any CPU
		{01D1301B-E6C4-408F-A448-B9ACDF273EE1}.Ad-Hoc|x86.Deploy.0 = Release|Any CPU
		{01D1301B-E6C4-408F-A448-B9ACDF273EE1}.AppStore|Any CPU.ActiveCfg = Release|Any CPU
		{01D1301B-E6C4-408F-A448-B9ACDF273EE1}.AppStore|Any CPU.Build.0 = Release|Any CPU
		{01D1301B-E6C4-408F-A448-B9ACDF273EE1}.AppStore|Any CPU.Deploy.0 = Release|Any CPU
		{01D1301B-E6C4-408F-A448-B9ACDF273EE1}.AppStore|ARM.ActiveCfg = Release|Any CPU
		{01D1301B-E6C4-408F-A448-B9ACDF273EE1}.AppStore|ARM.Build.0 = Release|Any CPU
		{01D1301B-E6C4-408F-A448-B9ACDF273EE1}.AppStore|ARM.Deploy.0 = Release|Any CPU
		{01D1301B-E6C4-408F-A448-B9ACDF273EE1}.AppStore|iPhone.ActiveCfg = Release|Any CPU
		{01D1301B-E6C4-408F-A448-B9ACDF273EE1}.AppStore|iPhone.Build.0 = Release|Any CPU
		{01D1301B-E6C4-408F-A448-B9ACDF273EE1}.AppStore|iPhone.Deploy.0 = Release|Any CPU
		{01D1301B-E6C4-408F-A448-B9ACDF273EE1}.AppStore|iPhoneSimulator.ActiveCfg = Release|Any CPU
		{01D1301B-E6C4-408F-A448-B9ACDF273EE1}.AppStore|iPhoneSimulator.Build.0 = Release|Any CPU
		{01D1301B-E6C4-408F-A448-B9ACDF273EE1}.AppStore|iPhoneSimulator.Deploy.0 = Release|Any CPU
		{01D1301B-E6C4-408F-A448-B9ACDF273EE1}.AppStore|x64.ActiveCfg = Release|Any CPU
		{01D1301B-E6C4-408F-A448-B9ACDF273EE1}.AppStore|x64.Build.0 = Release|Any CPU
		{01D1301B-E6C4-408F-A448-B9ACDF273EE1}.AppStore|x64.Deploy.0 = Release|Any CPU
		{01D1301B-E6C4-408F-A448-B9ACDF273EE1}.AppStore|x86.ActiveCfg = Release|Any CPU
		{01D1301B-E6C4-408F-A448-B9ACDF273EE1}.AppStore|x86.Build.0 = Release|Any CPU
		{01D1301B-E6C4-408F-A448-B9ACDF273EE1}.AppStore|x86.Deploy.0 = Release|Any CPU
		{01D1301B-E6C4-408F-A448-B9ACDF273EE1}.Debug|Any CPU.ActiveCfg = Debug|Any CPU
		{01D1301B-E6C4-408F-A448-B9ACDF273EE1}.Debug|Any CPU.Build.0 = Debug|Any CPU
		{01D1301B-E6C4-408F-A448-B9ACDF273EE1}.Debug|Any CPU.Deploy.0 = Debug|Any CPU
		{01D1301B-E6C4-408F-A448-B9ACDF273EE1}.Debug|ARM.ActiveCfg = Debug|Any CPU
		{01D1301B-E6C4-408F-A448-B9ACDF273EE1}.Debug|ARM.Build.0 = Debug|Any CPU
		{01D1301B-E6C4-408F-A448-B9ACDF273EE1}.Debug|ARM.Deploy.0 = Debug|Any CPU
		{01D1301B-E6C4-408F-A448-B9ACDF273EE1}.Debug|iPhone.ActiveCfg = Debug|Any CPU
		{01D1301B-E6C4-408F-A448-B9ACDF273EE1}.Debug|iPhone.Build.0 = Debug|Any CPU
		{01D1301B-E6C4-408F-A448-B9ACDF273EE1}.Debug|iPhone.Deploy.0 = Debug|Any CPU
		{01D1301B-E6C4-408F-A448-B9ACDF273EE1}.Debug|iPhoneSimulator.ActiveCfg = Debug|Any CPU
		{01D1301B-E6C4-408F-A448-B9ACDF273EE1}.Debug|iPhoneSimulator.Build.0 = Debug|Any CPU
		{01D1301B-E6C4-408F-A448-B9ACDF273EE1}.Debug|iPhoneSimulator.Deploy.0 = Debug|Any CPU
		{01D1301B-E6C4-408F-A448-B9ACDF273EE1}.Debug|x64.ActiveCfg = Debug|Any CPU
		{01D1301B-E6C4-408F-A448-B9ACDF273EE1}.Debug|x64.Build.0 = Debug|Any CPU
		{01D1301B-E6C4-408F-A448-B9ACDF273EE1}.Debug|x64.Deploy.0 = Debug|Any CPU
		{01D1301B-E6C4-408F-A448-B9ACDF273EE1}.Debug|x86.ActiveCfg = Debug|Any CPU
		{01D1301B-E6C4-408F-A448-B9ACDF273EE1}.Debug|x86.Build.0 = Debug|Any CPU
		{01D1301B-E6C4-408F-A448-B9ACDF273EE1}.Debug|x86.Deploy.0 = Debug|Any CPU
		{01D1301B-E6C4-408F-A448-B9ACDF273EE1}.Release|Any CPU.ActiveCfg = Release|Any CPU
		{01D1301B-E6C4-408F-A448-B9ACDF273EE1}.Release|Any CPU.Build.0 = Release|Any CPU
		{01D1301B-E6C4-408F-A448-B9ACDF273EE1}.Release|Any CPU.Deploy.0 = Release|Any CPU
		{01D1301B-E6C4-408F-A448-B9ACDF273EE1}.Release|ARM.ActiveCfg = Release|Any CPU
		{01D1301B-E6C4-408F-A448-B9ACDF273EE1}.Release|ARM.Build.0 = Release|Any CPU
		{01D1301B-E6C4-408F-A448-B9ACDF273EE1}.Release|ARM.Deploy.0 = Release|Any CPU
		{01D1301B-E6C4-408F-A448-B9ACDF273EE1}.Release|iPhone.ActiveCfg = Release|Any CPU
		{01D1301B-E6C4-408F-A448-B9ACDF273EE1}.Release|iPhone.Build.0 = Release|Any CPU
		{01D1301B-E6C4-408F-A448-B9ACDF273EE1}.Release|iPhone.Deploy.0 = Release|Any CPU
		{01D1301B-E6C4-408F-A448-B9ACDF273EE1}.Release|iPhoneSimulator.ActiveCfg = Release|Any CPU
		{01D1301B-E6C4-408F-A448-B9ACDF273EE1}.Release|iPhoneSimulator.Build.0 = Release|Any CPU
		{01D1301B-E6C4-408F-A448-B9ACDF273EE1}.Release|iPhoneSimulator.Deploy.0 = Release|Any CPU
		{01D1301B-E6C4-408F-A448-B9ACDF273EE1}.Release|x64.ActiveCfg = Release|Any CPU
		{01D1301B-E6C4-408F-A448-B9ACDF273EE1}.Release|x64.Build.0 = Release|Any CPU
		{01D1301B-E6C4-408F-A448-B9ACDF273EE1}.Release|x64.Deploy.0 = Release|Any CPU
		{01D1301B-E6C4-408F-A448-B9ACDF273EE1}.Release|x86.ActiveCfg = Release|Any CPU
		{01D1301B-E6C4-408F-A448-B9ACDF273EE1}.Release|x86.Build.0 = Release|Any CPU
		{01D1301B-E6C4-408F-A448-B9ACDF273EE1}.Release|x86.Deploy.0 = Release|Any CPU
		{7DBE91DA-C9E6-49DD-850E-7F5AB1630C86}.Ad-Hoc|Any CPU.ActiveCfg = Ad-Hoc|iPhone
		{7DBE91DA-C9E6-49DD-850E-7F5AB1630C86}.Ad-Hoc|ARM.ActiveCfg = Ad-Hoc|iPhone
		{7DBE91DA-C9E6-49DD-850E-7F5AB1630C86}.Ad-Hoc|iPhone.ActiveCfg = Ad-Hoc|iPhone
		{7DBE91DA-C9E6-49DD-850E-7F5AB1630C86}.Ad-Hoc|iPhone.Build.0 = Ad-Hoc|iPhone
		{7DBE91DA-C9E6-49DD-850E-7F5AB1630C86}.Ad-Hoc|iPhoneSimulator.ActiveCfg = Ad-Hoc|iPhoneSimulator
		{7DBE91DA-C9E6-49DD-850E-7F5AB1630C86}.Ad-Hoc|iPhoneSimulator.Build.0 = Ad-Hoc|iPhoneSimulator
		{7DBE91DA-C9E6-49DD-850E-7F5AB1630C86}.Ad-Hoc|x64.ActiveCfg = Ad-Hoc|iPhone
		{7DBE91DA-C9E6-49DD-850E-7F5AB1630C86}.Ad-Hoc|x86.ActiveCfg = Ad-Hoc|iPhone
		{7DBE91DA-C9E6-49DD-850E-7F5AB1630C86}.AppStore|Any CPU.ActiveCfg = AppStore|iPhone
		{7DBE91DA-C9E6-49DD-850E-7F5AB1630C86}.AppStore|ARM.ActiveCfg = AppStore|iPhone
		{7DBE91DA-C9E6-49DD-850E-7F5AB1630C86}.AppStore|iPhone.ActiveCfg = AppStore|iPhone
		{7DBE91DA-C9E6-49DD-850E-7F5AB1630C86}.AppStore|iPhone.Build.0 = AppStore|iPhone
		{7DBE91DA-C9E6-49DD-850E-7F5AB1630C86}.AppStore|iPhoneSimulator.ActiveCfg = AppStore|iPhoneSimulator
		{7DBE91DA-C9E6-49DD-850E-7F5AB1630C86}.AppStore|iPhoneSimulator.Build.0 = AppStore|iPhoneSimulator
		{7DBE91DA-C9E6-49DD-850E-7F5AB1630C86}.AppStore|x64.ActiveCfg = AppStore|iPhone
		{7DBE91DA-C9E6-49DD-850E-7F5AB1630C86}.AppStore|x86.ActiveCfg = AppStore|iPhone
		{7DBE91DA-C9E6-49DD-850E-7F5AB1630C86}.Debug|Any CPU.ActiveCfg = Debug|iPhone
		{7DBE91DA-C9E6-49DD-850E-7F5AB1630C86}.Debug|ARM.ActiveCfg = Debug|iPhone
		{7DBE91DA-C9E6-49DD-850E-7F5AB1630C86}.Debug|iPhone.ActiveCfg = Debug|iPhone
		{7DBE91DA-C9E6-49DD-850E-7F5AB1630C86}.Debug|iPhone.Build.0 = Debug|iPhone
		{7DBE91DA-C9E6-49DD-850E-7F5AB1630C86}.Debug|iPhoneSimulator.ActiveCfg = Debug|iPhoneSimulator
		{7DBE91DA-C9E6-49DD-850E-7F5AB1630C86}.Debug|iPhoneSimulator.Build.0 = Debug|iPhoneSimulator
		{7DBE91DA-C9E6-49DD-850E-7F5AB1630C86}.Debug|x64.ActiveCfg = Debug|iPhone
		{7DBE91DA-C9E6-49DD-850E-7F5AB1630C86}.Debug|x86.ActiveCfg = Debug|iPhone
		{7DBE91DA-C9E6-49DD-850E-7F5AB1630C86}.Release|Any CPU.ActiveCfg = Release|iPhone
		{7DBE91DA-C9E6-49DD-850E-7F5AB1630C86}.Release|ARM.ActiveCfg = Release|iPhone
		{7DBE91DA-C9E6-49DD-850E-7F5AB1630C86}.Release|iPhone.ActiveCfg = Release|iPhone
		{7DBE91DA-C9E6-49DD-850E-7F5AB1630C86}.Release|iPhone.Build.0 = Release|iPhone
		{7DBE91DA-C9E6-49DD-850E-7F5AB1630C86}.Release|iPhoneSimulator.ActiveCfg = Release|iPhoneSimulator
		{7DBE91DA-C9E6-49DD-850E-7F5AB1630C86}.Release|iPhoneSimulator.Build.0 = Release|iPhoneSimulator
		{7DBE91DA-C9E6-49DD-850E-7F5AB1630C86}.Release|x64.ActiveCfg = Release|iPhone
		{7DBE91DA-C9E6-49DD-850E-7F5AB1630C86}.Release|x86.ActiveCfg = Release|iPhone
		{BB9FDC96-6B8F-4FE8-9715-9134FB70D8AD}.Ad-Hoc|Any CPU.ActiveCfg = Release|x86
		{BB9FDC96-6B8F-4FE8-9715-9134FB70D8AD}.Ad-Hoc|Any CPU.Build.0 = Release|x86
		{BB9FDC96-6B8F-4FE8-9715-9134FB70D8AD}.Ad-Hoc|Any CPU.Deploy.0 = Release|x86
		{BB9FDC96-6B8F-4FE8-9715-9134FB70D8AD}.Ad-Hoc|ARM.ActiveCfg = Release|ARM
		{BB9FDC96-6B8F-4FE8-9715-9134FB70D8AD}.Ad-Hoc|ARM.Build.0 = Release|ARM
		{BB9FDC96-6B8F-4FE8-9715-9134FB70D8AD}.Ad-Hoc|ARM.Deploy.0 = Release|ARM
		{BB9FDC96-6B8F-4FE8-9715-9134FB70D8AD}.Ad-Hoc|iPhone.ActiveCfg = Release|x86
		{BB9FDC96-6B8F-4FE8-9715-9134FB70D8AD}.Ad-Hoc|iPhone.Build.0 = Release|x86
		{BB9FDC96-6B8F-4FE8-9715-9134FB70D8AD}.Ad-Hoc|iPhone.Deploy.0 = Release|x86
		{BB9FDC96-6B8F-4FE8-9715-9134FB70D8AD}.Ad-Hoc|iPhoneSimulator.ActiveCfg = Release|x86
		{BB9FDC96-6B8F-4FE8-9715-9134FB70D8AD}.Ad-Hoc|iPhoneSimulator.Build.0 = Release|x86
		{BB9FDC96-6B8F-4FE8-9715-9134FB70D8AD}.Ad-Hoc|iPhoneSimulator.Deploy.0 = Release|x86
		{BB9FDC96-6B8F-4FE8-9715-9134FB70D8AD}.Ad-Hoc|x64.ActiveCfg = Release|x64
		{BB9FDC96-6B8F-4FE8-9715-9134FB70D8AD}.Ad-Hoc|x64.Build.0 = Release|x64
		{BB9FDC96-6B8F-4FE8-9715-9134FB70D8AD}.Ad-Hoc|x64.Deploy.0 = Release|x64
		{BB9FDC96-6B8F-4FE8-9715-9134FB70D8AD}.Ad-Hoc|x86.ActiveCfg = Release|x86
		{BB9FDC96-6B8F-4FE8-9715-9134FB70D8AD}.Ad-Hoc|x86.Build.0 = Release|x86
		{BB9FDC96-6B8F-4FE8-9715-9134FB70D8AD}.Ad-Hoc|x86.Deploy.0 = Release|x86
		{BB9FDC96-6B8F-4FE8-9715-9134FB70D8AD}.AppStore|Any CPU.ActiveCfg = Release|x86
		{BB9FDC96-6B8F-4FE8-9715-9134FB70D8AD}.AppStore|Any CPU.Build.0 = Release|x86
		{BB9FDC96-6B8F-4FE8-9715-9134FB70D8AD}.AppStore|Any CPU.Deploy.0 = Release|x86
		{BB9FDC96-6B8F-4FE8-9715-9134FB70D8AD}.AppStore|ARM.ActiveCfg = Release|ARM
		{BB9FDC96-6B8F-4FE8-9715-9134FB70D8AD}.AppStore|ARM.Build.0 = Release|ARM
		{BB9FDC96-6B8F-4FE8-9715-9134FB70D8AD}.AppStore|ARM.Deploy.0 = Release|ARM
		{BB9FDC96-6B8F-4FE8-9715-9134FB70D8AD}.AppStore|iPhone.ActiveCfg = Release|x86
		{BB9FDC96-6B8F-4FE8-9715-9134FB70D8AD}.AppStore|iPhone.Build.0 = Release|x86
		{BB9FDC96-6B8F-4FE8-9715-9134FB70D8AD}.AppStore|iPhone.Deploy.0 = Release|x86
		{BB9FDC96-6B8F-4FE8-9715-9134FB70D8AD}.AppStore|iPhoneSimulator.ActiveCfg = Release|x86
		{BB9FDC96-6B8F-4FE8-9715-9134FB70D8AD}.AppStore|iPhoneSimulator.Build.0 = Release|x86
		{BB9FDC96-6B8F-4FE8-9715-9134FB70D8AD}.AppStore|iPhoneSimulator.Deploy.0 = Release|x86
		{BB9FDC96-6B8F-4FE8-9715-9134FB70D8AD}.AppStore|x64.ActiveCfg = Release|x64
		{BB9FDC96-6B8F-4FE8-9715-9134FB70D8AD}.AppStore|x64.Build.0 = Release|x64
		{BB9FDC96-6B8F-4FE8-9715-9134FB70D8AD}.AppStore|x64.Deploy.0 = Release|x64
		{BB9FDC96-6B8F-4FE8-9715-9134FB70D8AD}.AppStore|x86.ActiveCfg = Release|x86
		{BB9FDC96-6B8F-4FE8-9715-9134FB70D8AD}.AppStore|x86.Build.0 = Release|x86
		{BB9FDC96-6B8F-4FE8-9715-9134FB70D8AD}.AppStore|x86.Deploy.0 = Release|x86
		{BB9FDC96-6B8F-4FE8-9715-9134FB70D8AD}.Debug|Any CPU.ActiveCfg = Debug|x86
		{BB9FDC96-6B8F-4FE8-9715-9134FB70D8AD}.Debug|ARM.ActiveCfg = Debug|ARM
		{BB9FDC96-6B8F-4FE8-9715-9134FB70D8AD}.Debug|ARM.Build.0 = Debug|ARM
		{BB9FDC96-6B8F-4FE8-9715-9134FB70D8AD}.Debug|ARM.Deploy.0 = Debug|ARM
		{BB9FDC96-6B8F-4FE8-9715-9134FB70D8AD}.Debug|iPhone.ActiveCfg = Debug|x86
		{BB9FDC96-6B8F-4FE8-9715-9134FB70D8AD}.Debug|iPhoneSimulator.ActiveCfg = Debug|x86
		{BB9FDC96-6B8F-4FE8-9715-9134FB70D8AD}.Debug|x64.ActiveCfg = Debug|x64
		{BB9FDC96-6B8F-4FE8-9715-9134FB70D8AD}.Debug|x64.Build.0 = Debug|x64
		{BB9FDC96-6B8F-4FE8-9715-9134FB70D8AD}.Debug|x64.Deploy.0 = Debug|x64
		{BB9FDC96-6B8F-4FE8-9715-9134FB70D8AD}.Debug|x86.ActiveCfg = Debug|x86
		{BB9FDC96-6B8F-4FE8-9715-9134FB70D8AD}.Debug|x86.Build.0 = Debug|x86
		{BB9FDC96-6B8F-4FE8-9715-9134FB70D8AD}.Debug|x86.Deploy.0 = Debug|x86
		{BB9FDC96-6B8F-4FE8-9715-9134FB70D8AD}.Release|Any CPU.ActiveCfg = Release|x86
		{BB9FDC96-6B8F-4FE8-9715-9134FB70D8AD}.Release|ARM.ActiveCfg = Release|ARM
		{BB9FDC96-6B8F-4FE8-9715-9134FB70D8AD}.Release|ARM.Build.0 = Release|ARM
		{BB9FDC96-6B8F-4FE8-9715-9134FB70D8AD}.Release|ARM.Deploy.0 = Release|ARM
		{BB9FDC96-6B8F-4FE8-9715-9134FB70D8AD}.Release|iPhone.ActiveCfg = Release|x86
		{BB9FDC96-6B8F-4FE8-9715-9134FB70D8AD}.Release|iPhoneSimulator.ActiveCfg = Release|x86
		{BB9FDC96-6B8F-4FE8-9715-9134FB70D8AD}.Release|x64.ActiveCfg = Release|x64
		{BB9FDC96-6B8F-4FE8-9715-9134FB70D8AD}.Release|x64.Build.0 = Release|x64
		{BB9FDC96-6B8F-4FE8-9715-9134FB70D8AD}.Release|x64.Deploy.0 = Release|x64
		{BB9FDC96-6B8F-4FE8-9715-9134FB70D8AD}.Release|x86.ActiveCfg = Release|x86
		{BB9FDC96-6B8F-4FE8-9715-9134FB70D8AD}.Release|x86.Build.0 = Release|x86
		{BB9FDC96-6B8F-4FE8-9715-9134FB70D8AD}.Release|x86.Deploy.0 = Release|x86
	EndGlobalSection
	GlobalSection(SolutionProperties) = preSolution
		HideSolutionNode = FALSE
	EndGlobalSection
	GlobalSection(ExtensibilityGlobals) = postSolution
		SolutionGuid = {206585B3-DBA3-44D2-8B87-935D744B2108}
	EndGlobalSection
EndGlobal
